// !$*UTF8*$!
{
	archiveVersion = 1;
	classes = {
	};
	objectVersion = 56;
	objects = {

/* Begin PBXBuildFile section */
		A965D39B2AA0DD4500DDDF21 /* StandupsApp.swift in Sources */ = {isa = PBXBuildFile; fileRef = A965D39A2AA0DD4500DDDF21 /* StandupsApp.swift */; };
		A965D39D2AA0DD4500DDDF21 /* ContentView.swift in Sources */ = {isa = PBXBuildFile; fileRef = A965D39C2AA0DD4500DDDF21 /* ContentView.swift */; };
		A965D39F2AA0DD4700DDDF21 /* Assets.xcassets in Resources */ = {isa = PBXBuildFile; fileRef = A965D39E2AA0DD4700DDDF21 /* Assets.xcassets */; };
		A965D3A22AA0DD4700DDDF21 /* Preview Assets.xcassets in Resources */ = {isa = PBXBuildFile; fileRef = A965D3A12AA0DD4700DDDF21 /* Preview Assets.xcassets */; };
		A965D3AC2AA0DD4700DDDF21 /* StandupsTests.swift in Sources */ = {isa = PBXBuildFile; fileRef = A965D3AB2AA0DD4700DDDF21 /* StandupsTests.swift */; };
		A965D3B62AA0DD4700DDDF21 /* StandupsUITests.swift in Sources */ = {isa = PBXBuildFile; fileRef = A965D3B52AA0DD4700DDDF21 /* StandupsUITests.swift */; };
		A965D3B82AA0DD4700DDDF21 /* StandupsUITestsLaunchTests.swift in Sources */ = {isa = PBXBuildFile; fileRef = A965D3B72AA0DD4700DDDF21 /* StandupsUITestsLaunchTests.swift */; };
		A965D3C52AA0E01800DDDF21 /* StandupsList.swift in Sources */ = {isa = PBXBuildFile; fileRef = A965D3C42AA0E01800DDDF21 /* StandupsList.swift */; };
		A965D3C72AA0E0C000DDDF21 /* Standup.swift in Sources */ = {isa = PBXBuildFile; fileRef = A965D3C62AA0E0C000DDDF21 /* Standup.swift */; };
		A965D3CA2AA0E0EC00DDDF21 /* Attendee.swift in Sources */ = {isa = PBXBuildFile; fileRef = A965D3C92AA0E0EC00DDDF21 /* Attendee.swift */; };
		A965D3CC2AA0E10800DDDF21 /* Meeting.swift in Sources */ = {isa = PBXBuildFile; fileRef = A965D3CB2AA0E10800DDDF21 /* Meeting.swift */; };
		A965D3CE2AA0E16700DDDF21 /* Theme.swift in Sources */ = {isa = PBXBuildFile; fileRef = A965D3CD2AA0E16700DDDF21 /* Theme.swift */; };
		A965D3D12AA0E1E200DDDF21 /* ComposableArchitecture in Frameworks */ = {isa = PBXBuildFile; productRef = A965D3D02AA0E1E200DDDF21 /* ComposableArchitecture */; };
		A965D3D42AA0E57400DDDF21 /* TrailingIconLabelStyle.swift in Sources */ = {isa = PBXBuildFile; fileRef = A965D3D32AA0E57400DDDF21 /* TrailingIconLabelStyle.swift */; };
		A965D3D62AA0E6D700DDDF21 /* StandupForm.swift in Sources */ = {isa = PBXBuildFile; fileRef = A965D3D52AA0E6D700DDDF21 /* StandupForm.swift */; };
		A965D3D82AA0F30B00DDDF21 /* StandupFormTests.swift in Sources */ = {isa = PBXBuildFile; fileRef = A965D3D72AA0F30B00DDDF21 /* StandupFormTests.swift */; };
/* End PBXBuildFile section */

/* Begin PBXContainerItemProxy section */
		A965D3A82AA0DD4700DDDF21 /* PBXContainerItemProxy */ = {
			isa = PBXContainerItemProxy;
			containerPortal = A965D38F2AA0DD4500DDDF21 /* Project object */;
			proxyType = 1;
			remoteGlobalIDString = A965D3962AA0DD4500DDDF21;
			remoteInfo = Standups;
		};
		A965D3B22AA0DD4700DDDF21 /* PBXContainerItemProxy */ = {
			isa = PBXContainerItemProxy;
			containerPortal = A965D38F2AA0DD4500DDDF21 /* Project object */;
			proxyType = 1;
			remoteGlobalIDString = A965D3962AA0DD4500DDDF21;
			remoteInfo = Standups;
		};
/* End PBXContainerItemProxy section */

/* Begin PBXFileReference section */
		A965D3972AA0DD4500DDDF21 /* Standups.app */ = {isa = PBXFileReference; explicitFileType = wrapper.application; includeInIndex = 0; path = Standups.app; sourceTree = BUILT_PRODUCTS_DIR; };
		A965D39A2AA0DD4500DDDF21 /* StandupsApp.swift */ = {isa = PBXFileReference; lastKnownFileType = sourcecode.swift; path = StandupsApp.swift; sourceTree = "<group>"; };
		A965D39C2AA0DD4500DDDF21 /* ContentView.swift */ = {isa = PBXFileReference; lastKnownFileType = sourcecode.swift; path = ContentView.swift; sourceTree = "<group>"; };
		A965D39E2AA0DD4700DDDF21 /* Assets.xcassets */ = {isa = PBXFileReference; lastKnownFileType = folder.assetcatalog; path = Assets.xcassets; sourceTree = "<group>"; };
		A965D3A12AA0DD4700DDDF21 /* Preview Assets.xcassets */ = {isa = PBXFileReference; lastKnownFileType = folder.assetcatalog; path = "Preview Assets.xcassets"; sourceTree = "<group>"; };
		A965D3A72AA0DD4700DDDF21 /* StandupsTests.xctest */ = {isa = PBXFileReference; explicitFileType = wrapper.cfbundle; includeInIndex = 0; path = StandupsTests.xctest; sourceTree = BUILT_PRODUCTS_DIR; };
		A965D3AB2AA0DD4700DDDF21 /* StandupsTests.swift */ = {isa = PBXFileReference; lastKnownFileType = sourcecode.swift; path = StandupsTests.swift; sourceTree = "<group>"; };
		A965D3B12AA0DD4700DDDF21 /* StandupsUITests.xctest */ = {isa = PBXFileReference; explicitFileType = wrapper.cfbundle; includeInIndex = 0; path = StandupsUITests.xctest; sourceTree = BUILT_PRODUCTS_DIR; };
		A965D3B52AA0DD4700DDDF21 /* StandupsUITests.swift */ = {isa = PBXFileReference; lastKnownFileType = sourcecode.swift; path = StandupsUITests.swift; sourceTree = "<group>"; };
		A965D3B72AA0DD4700DDDF21 /* StandupsUITestsLaunchTests.swift */ = {isa = PBXFileReference; lastKnownFileType = sourcecode.swift; path = StandupsUITestsLaunchTests.swift; sourceTree = "<group>"; };
		A965D3C42AA0E01800DDDF21 /* StandupsList.swift */ = {isa = PBXFileReference; lastKnownFileType = sourcecode.swift; path = StandupsList.swift; sourceTree = "<group>"; };
		A965D3C62AA0E0C000DDDF21 /* Standup.swift */ = {isa = PBXFileReference; lastKnownFileType = sourcecode.swift; path = Standup.swift; sourceTree = "<group>"; };
		A965D3C92AA0E0EC00DDDF21 /* Attendee.swift */ = {isa = PBXFileReference; lastKnownFileType = sourcecode.swift; path = Attendee.swift; sourceTree = "<group>"; };
		A965D3CB2AA0E10800DDDF21 /* Meeting.swift */ = {isa = PBXFileReference; lastKnownFileType = sourcecode.swift; path = Meeting.swift; sourceTree = "<group>"; };
		A965D3CD2AA0E16700DDDF21 /* Theme.swift */ = {isa = PBXFileReference; lastKnownFileType = sourcecode.swift; path = Theme.swift; sourceTree = "<group>"; };
		A965D3D32AA0E57400DDDF21 /* TrailingIconLabelStyle.swift */ = {isa = PBXFileReference; lastKnownFileType = sourcecode.swift; path = TrailingIconLabelStyle.swift; sourceTree = "<group>"; };
		A965D3D52AA0E6D700DDDF21 /* StandupForm.swift */ = {isa = PBXFileReference; lastKnownFileType = sourcecode.swift; path = StandupForm.swift; sourceTree = "<group>"; };
		A965D3D72AA0F30B00DDDF21 /* StandupFormTests.swift */ = {isa = PBXFileReference; lastKnownFileType = sourcecode.swift; path = StandupFormTests.swift; sourceTree = "<group>"; };
/* End PBXFileReference section */

/* Begin PBXFrameworksBuildPhase section */
		A965D3942AA0DD4500DDDF21 /* Frameworks */ = {
			isa = PBXFrameworksBuildPhase;
			buildActionMask = 2147483647;
			files = (
				A965D3D12AA0E1E200DDDF21 /* ComposableArchitecture in Frameworks */,
			);
			runOnlyForDeploymentPostprocessing = 0;
		};
		A965D3A42AA0DD4700DDDF21 /* Frameworks */ = {
			isa = PBXFrameworksBuildPhase;
			buildActionMask = 2147483647;
			files = (
			);
			runOnlyForDeploymentPostprocessing = 0;
		};
		A965D3AE2AA0DD4700DDDF21 /* Frameworks */ = {
			isa = PBXFrameworksBuildPhase;
			buildActionMask = 2147483647;
			files = (
			);
			runOnlyForDeploymentPostprocessing = 0;
		};
/* End PBXFrameworksBuildPhase section */

/* Begin PBXGroup section */
		A965D38E2AA0DD4500DDDF21 = {
			isa = PBXGroup;
			children = (
				A965D3992AA0DD4500DDDF21 /* Standups */,
				A965D3AA2AA0DD4700DDDF21 /* StandupsTests */,
				A965D3B42AA0DD4700DDDF21 /* StandupsUITests */,
				A965D3982AA0DD4500DDDF21 /* Products */,
			);
			sourceTree = "<group>";
		};
		A965D3982AA0DD4500DDDF21 /* Products */ = {
			isa = PBXGroup;
			children = (
				A965D3972AA0DD4500DDDF21 /* Standups.app */,
				A965D3A72AA0DD4700DDDF21 /* StandupsTests.xctest */,
				A965D3B12AA0DD4700DDDF21 /* StandupsUITests.xctest */,
			);
			name = Products;
			sourceTree = "<group>";
		};
		A965D3992AA0DD4500DDDF21 /* Standups */ = {
			isa = PBXGroup;
			children = (
				A965D39A2AA0DD4500DDDF21 /* StandupsApp.swift */,
				A965D3C42AA0E01800DDDF21 /* StandupsList.swift */,
				A965D3D52AA0E6D700DDDF21 /* StandupForm.swift */,
				A965D3D22AA0E56700DDDF21 /* Style */,
				A965D3C82AA0E0C400DDDF21 /* Model */,
				A965D39C2AA0DD4500DDDF21 /* ContentView.swift */,
				A965D39E2AA0DD4700DDDF21 /* Assets.xcassets */,
				A965D3A02AA0DD4700DDDF21 /* Preview Content */,
			);
			path = Standups;
			sourceTree = "<group>";
		};
		A965D3A02AA0DD4700DDDF21 /* Preview Content */ = {
			isa = PBXGroup;
			children = (
				A965D3A12AA0DD4700DDDF21 /* Preview Assets.xcassets */,
			);
			path = "Preview Content";
			sourceTree = "<group>";
		};
		A965D3AA2AA0DD4700DDDF21 /* StandupsTests */ = {
			isa = PBXGroup;
			children = (
				A965D3AB2AA0DD4700DDDF21 /* StandupsTests.swift */,
				A965D3D72AA0F30B00DDDF21 /* StandupFormTests.swift */,
			);
			path = StandupsTests;
			sourceTree = "<group>";
		};
		A965D3B42AA0DD4700DDDF21 /* StandupsUITests */ = {
			isa = PBXGroup;
			children = (
				A965D3B52AA0DD4700DDDF21 /* StandupsUITests.swift */,
				A965D3B72AA0DD4700DDDF21 /* StandupsUITestsLaunchTests.swift */,
			);
			path = StandupsUITests;
			sourceTree = "<group>";
		};
		A965D3C82AA0E0C400DDDF21 /* Model */ = {
			isa = PBXGroup;
			children = (
				A965D3C62AA0E0C000DDDF21 /* Standup.swift */,
				A965D3C92AA0E0EC00DDDF21 /* Attendee.swift */,
				A965D3CB2AA0E10800DDDF21 /* Meeting.swift */,
				A965D3CD2AA0E16700DDDF21 /* Theme.swift */,
			);
			path = Model;
			sourceTree = "<group>";
		};
		A965D3D22AA0E56700DDDF21 /* Style */ = {
			isa = PBXGroup;
			children = (
				A965D3D32AA0E57400DDDF21 /* TrailingIconLabelStyle.swift */,
			);
			path = Style;
			sourceTree = "<group>";
		};
/* End PBXGroup section */

/* Begin PBXNativeTarget section */
		A965D3962AA0DD4500DDDF21 /* Standups */ = {
			isa = PBXNativeTarget;
			buildConfigurationList = A965D3BB2AA0DD4700DDDF21 /* Build configuration list for PBXNativeTarget "Standups" */;
			buildPhases = (
				A965D3932AA0DD4500DDDF21 /* Sources */,
				A965D3942AA0DD4500DDDF21 /* Frameworks */,
				A965D3952AA0DD4500DDDF21 /* Resources */,
			);
			buildRules = (
			);
			dependencies = (
			);
			name = Standups;
			packageProductDependencies = (
				A965D3D02AA0E1E200DDDF21 /* ComposableArchitecture */,
			);
			productName = Standups;
			productReference = A965D3972AA0DD4500DDDF21 /* Standups.app */;
			productType = "com.apple.product-type.application";
		};
		A965D3A62AA0DD4700DDDF21 /* StandupsTests */ = {
			isa = PBXNativeTarget;
			buildConfigurationList = A965D3BE2AA0DD4700DDDF21 /* Build configuration list for PBXNativeTarget "StandupsTests" */;
			buildPhases = (
				A965D3A32AA0DD4700DDDF21 /* Sources */,
				A965D3A42AA0DD4700DDDF21 /* Frameworks */,
				A965D3A52AA0DD4700DDDF21 /* Resources */,
			);
			buildRules = (
			);
			dependencies = (
				A965D3A92AA0DD4700DDDF21 /* PBXTargetDependency */,
			);
			name = StandupsTests;
			productName = StandupsTests;
			productReference = A965D3A72AA0DD4700DDDF21 /* StandupsTests.xctest */;
			productType = "com.apple.product-type.bundle.unit-test";
		};
		A965D3B02AA0DD4700DDDF21 /* StandupsUITests */ = {
			isa = PBXNativeTarget;
			buildConfigurationList = A965D3C12AA0DD4700DDDF21 /* Build configuration list for PBXNativeTarget "StandupsUITests" */;
			buildPhases = (
				A965D3AD2AA0DD4700DDDF21 /* Sources */,
				A965D3AE2AA0DD4700DDDF21 /* Frameworks */,
				A965D3AF2AA0DD4700DDDF21 /* Resources */,
			);
			buildRules = (
			);
			dependencies = (
				A965D3B32AA0DD4700DDDF21 /* PBXTargetDependency */,
			);
			name = StandupsUITests;
			productName = StandupsUITests;
			productReference = A965D3B12AA0DD4700DDDF21 /* StandupsUITests.xctest */;
			productType = "com.apple.product-type.bundle.ui-testing";
		};
/* End PBXNativeTarget section */

/* Begin PBXProject section */
		A965D38F2AA0DD4500DDDF21 /* Project object */ = {
			isa = PBXProject;
			attributes = {
				BuildIndependentTargetsInParallel = 1;
				LastSwiftUpdateCheck = 1500;
				LastUpgradeCheck = 1500;
				TargetAttributes = {
					A965D3962AA0DD4500DDDF21 = {
						CreatedOnToolsVersion = 15.0;
					};
					A965D3A62AA0DD4700DDDF21 = {
						CreatedOnToolsVersion = 15.0;
						TestTargetID = A965D3962AA0DD4500DDDF21;
					};
					A965D3B02AA0DD4700DDDF21 = {
						CreatedOnToolsVersion = 15.0;
						TestTargetID = A965D3962AA0DD4500DDDF21;
					};
				};
			};
			buildConfigurationList = A965D3922AA0DD4500DDDF21 /* Build configuration list for PBXProject "Standups" */;
			compatibilityVersion = "Xcode 14.0";
			developmentRegion = en;
			hasScannedForEncodings = 0;
			knownRegions = (
				en,
				Base,
			);
			mainGroup = A965D38E2AA0DD4500DDDF21;
			packageReferences = (
				A965D3CF2AA0E1E200DDDF21 /* XCRemoteSwiftPackageReference "swift-composable-architecture" */,
			);
			productRefGroup = A965D3982AA0DD4500DDDF21 /* Products */;
			projectDirPath = "";
			projectRoot = "";
			targets = (
				A965D3962AA0DD4500DDDF21 /* Standups */,
				A965D3A62AA0DD4700DDDF21 /* StandupsTests */,
				A965D3B02AA0DD4700DDDF21 /* StandupsUITests */,
			);
		};
/* End PBXProject section */

/* Begin PBXResourcesBuildPhase section */
		A965D3952AA0DD4500DDDF21 /* Resources */ = {
			isa = PBXResourcesBuildPhase;
			buildActionMask = 2147483647;
			files = (
				A965D3A22AA0DD4700DDDF21 /* Preview Assets.xcassets in Resources */,
				A965D39F2AA0DD4700DDDF21 /* Assets.xcassets in Resources */,
			);
			runOnlyForDeploymentPostprocessing = 0;
		};
		A965D3A52AA0DD4700DDDF21 /* Resources */ = {
			isa = PBXResourcesBuildPhase;
			buildActionMask = 2147483647;
			files = (
			);
			runOnlyForDeploymentPostprocessing = 0;
		};
		A965D3AF2AA0DD4700DDDF21 /* Resources */ = {
			isa = PBXResourcesBuildPhase;
			buildActionMask = 2147483647;
			files = (
			);
			runOnlyForDeploymentPostprocessing = 0;
		};
/* End PBXResourcesBuildPhase section */

/* Begin PBXSourcesBuildPhase section */
		A965D3932AA0DD4500DDDF21 /* Sources */ = {
			isa = PBXSourcesBuildPhase;
			buildActionMask = 2147483647;
			files = (
				A965D3CA2AA0E0EC00DDDF21 /* Attendee.swift in Sources */,
				A965D3CC2AA0E10800DDDF21 /* Meeting.swift in Sources */,
				A965D39D2AA0DD4500DDDF21 /* ContentView.swift in Sources */,
				A965D3D42AA0E57400DDDF21 /* TrailingIconLabelStyle.swift in Sources */,
				A965D3C52AA0E01800DDDF21 /* StandupsList.swift in Sources */,
				A965D39B2AA0DD4500DDDF21 /* StandupsApp.swift in Sources */,
				A965D3C72AA0E0C000DDDF21 /* Standup.swift in Sources */,
				A965D3D62AA0E6D700DDDF21 /* StandupForm.swift in Sources */,
				A965D3CE2AA0E16700DDDF21 /* Theme.swift in Sources */,
			);
			runOnlyForDeploymentPostprocessing = 0;
		};
		A965D3A32AA0DD4700DDDF21 /* Sources */ = {
			isa = PBXSourcesBuildPhase;
			buildActionMask = 2147483647;
			files = (
				A965D3AC2AA0DD4700DDDF21 /* StandupsTests.swift in Sources */,
				A965D3D82AA0F30B00DDDF21 /* StandupFormTests.swift in Sources */,
			);
			runOnlyForDeploymentPostprocessing = 0;
		};
		A965D3AD2AA0DD4700DDDF21 /* Sources */ = {
			isa = PBXSourcesBuildPhase;
			buildActionMask = 2147483647;
			files = (
				A965D3B82AA0DD4700DDDF21 /* StandupsUITestsLaunchTests.swift in Sources */,
				A965D3B62AA0DD4700DDDF21 /* StandupsUITests.swift in Sources */,
			);
			runOnlyForDeploymentPostprocessing = 0;
		};
/* End PBXSourcesBuildPhase section */

/* Begin PBXTargetDependency section */
		A965D3A92AA0DD4700DDDF21 /* PBXTargetDependency */ = {
			isa = PBXTargetDependency;
			target = A965D3962AA0DD4500DDDF21 /* Standups */;
			targetProxy = A965D3A82AA0DD4700DDDF21 /* PBXContainerItemProxy */;
		};
		A965D3B32AA0DD4700DDDF21 /* PBXTargetDependency */ = {
			isa = PBXTargetDependency;
			target = A965D3962AA0DD4500DDDF21 /* Standups */;
			targetProxy = A965D3B22AA0DD4700DDDF21 /* PBXContainerItemProxy */;
		};
/* End PBXTargetDependency section */

/* Begin XCBuildConfiguration section */
		A965D3B92AA0DD4700DDDF21 /* Debug */ = {
			isa = XCBuildConfiguration;
			buildSettings = {
				ALWAYS_SEARCH_USER_PATHS = NO;
				ASSETCATALOG_COMPILER_GENERATE_SWIFT_ASSET_SYMBOL_EXTENSIONS = YES;
				CLANG_ANALYZER_NONNULL = YES;
				CLANG_ANALYZER_NUMBER_OBJECT_CONVERSION = YES_AGGRESSIVE;
				CLANG_CXX_LANGUAGE_STANDARD = "gnu++20";
				CLANG_ENABLE_MODULES = YES;
				CLANG_ENABLE_OBJC_ARC = YES;
				CLANG_ENABLE_OBJC_WEAK = YES;
				CLANG_WARN_BLOCK_CAPTURE_AUTORELEASING = YES;
				CLANG_WARN_BOOL_CONVERSION = YES;
				CLANG_WARN_COMMA = YES;
				CLANG_WARN_CONSTANT_CONVERSION = YES;
				CLANG_WARN_DEPRECATED_OBJC_IMPLEMENTATIONS = YES;
				CLANG_WARN_DIRECT_OBJC_ISA_USAGE = YES_ERROR;
				CLANG_WARN_DOCUMENTATION_COMMENTS = YES;
				CLANG_WARN_EMPTY_BODY = YES;
				CLANG_WARN_ENUM_CONVERSION = YES;
				CLANG_WARN_INFINITE_RECURSION = YES;
				CLANG_WARN_INT_CONVERSION = YES;
				CLANG_WARN_NON_LITERAL_NULL_CONVERSION = YES;
				CLANG_WARN_OBJC_IMPLICIT_RETAIN_SELF = YES;
				CLANG_WARN_OBJC_LITERAL_CONVERSION = YES;
				CLANG_WARN_OBJC_ROOT_CLASS = YES_ERROR;
				CLANG_WARN_QUOTED_INCLUDE_IN_FRAMEWORK_HEADER = YES;
				CLANG_WARN_RANGE_LOOP_ANALYSIS = YES;
				CLANG_WARN_STRICT_PROTOTYPES = YES;
				CLANG_WARN_SUSPICIOUS_MOVE = YES;
				CLANG_WARN_UNGUARDED_AVAILABILITY = YES_AGGRESSIVE;
				CLANG_WARN_UNREACHABLE_CODE = YES;
				CLANG_WARN__DUPLICATE_METHOD_MATCH = YES;
				COPY_PHASE_STRIP = NO;
				DEBUG_INFORMATION_FORMAT = dwarf;
				ENABLE_STRICT_OBJC_MSGSEND = YES;
				ENABLE_TESTABILITY = YES;
				ENABLE_USER_SCRIPT_SANDBOXING = YES;
				GCC_C_LANGUAGE_STANDARD = gnu17;
				GCC_DYNAMIC_NO_PIC = NO;
				GCC_NO_COMMON_BLOCKS = YES;
				GCC_OPTIMIZATION_LEVEL = 0;
				GCC_PREPROCESSOR_DEFINITIONS = (
					"DEBUG=1",
					"$(inherited)",
				);
				GCC_WARN_64_TO_32_BIT_CONVERSION = YES;
				GCC_WARN_ABOUT_RETURN_TYPE = YES_ERROR;
				GCC_WARN_UNDECLARED_SELECTOR = YES;
				GCC_WARN_UNINITIALIZED_AUTOS = YES_AGGRESSIVE;
				GCC_WARN_UNUSED_FUNCTION = YES;
				GCC_WARN_UNUSED_VARIABLE = YES;
				IPHONEOS_DEPLOYMENT_TARGET = 17.0;
				LOCALIZATION_PREFERS_STRING_CATALOGS = YES;
				MTL_ENABLE_DEBUG_INFO = INCLUDE_SOURCE;
				MTL_FAST_MATH = YES;
				ONLY_ACTIVE_ARCH = YES;
				SDKROOT = iphoneos;
				SWIFT_ACTIVE_COMPILATION_CONDITIONS = "DEBUG $(inherited)";
				SWIFT_OPTIMIZATION_LEVEL = "-Onone";
			};
			name = Debug;
		};
		A965D3BA2AA0DD4700DDDF21 /* Release */ = {
			isa = XCBuildConfiguration;
			buildSettings = {
				ALWAYS_SEARCH_USER_PATHS = NO;
				ASSETCATALOG_COMPILER_GENERATE_SWIFT_ASSET_SYMBOL_EXTENSIONS = YES;
				CLANG_ANALYZER_NONNULL = YES;
				CLANG_ANALYZER_NUMBER_OBJECT_CONVERSION = YES_AGGRESSIVE;
				CLANG_CXX_LANGUAGE_STANDARD = "gnu++20";
				CLANG_ENABLE_MODULES = YES;
				CLANG_ENABLE_OBJC_ARC = YES;
				CLANG_ENABLE_OBJC_WEAK = YES;
				CLANG_WARN_BLOCK_CAPTURE_AUTORELEASING = YES;
				CLANG_WARN_BOOL_CONVERSION = YES;
				CLANG_WARN_COMMA = YES;
				CLANG_WARN_CONSTANT_CONVERSION = YES;
				CLANG_WARN_DEPRECATED_OBJC_IMPLEMENTATIONS = YES;
				CLANG_WARN_DIRECT_OBJC_ISA_USAGE = YES_ERROR;
				CLANG_WARN_DOCUMENTATION_COMMENTS = YES;
				CLANG_WARN_EMPTY_BODY = YES;
				CLANG_WARN_ENUM_CONVERSION = YES;
				CLANG_WARN_INFINITE_RECURSION = YES;
				CLANG_WARN_INT_CONVERSION = YES;
				CLANG_WARN_NON_LITERAL_NULL_CONVERSION = YES;
				CLANG_WARN_OBJC_IMPLICIT_RETAIN_SELF = YES;
				CLANG_WARN_OBJC_LITERAL_CONVERSION = YES;
				CLANG_WARN_OBJC_ROOT_CLASS = YES_ERROR;
				CLANG_WARN_QUOTED_INCLUDE_IN_FRAMEWORK_HEADER = YES;
				CLANG_WARN_RANGE_LOOP_ANALYSIS = YES;
				CLANG_WARN_STRICT_PROTOTYPES = YES;
				CLANG_WARN_SUSPICIOUS_MOVE = YES;
				CLANG_WARN_UNGUARDED_AVAILABILITY = YES_AGGRESSIVE;
				CLANG_WARN_UNREACHABLE_CODE = YES;
				CLANG_WARN__DUPLICATE_METHOD_MATCH = YES;
				COPY_PHASE_STRIP = NO;
				DEBUG_INFORMATION_FORMAT = "dwarf-with-dsym";
				ENABLE_NS_ASSERTIONS = NO;
				ENABLE_STRICT_OBJC_MSGSEND = YES;
				ENABLE_USER_SCRIPT_SANDBOXING = YES;
				GCC_C_LANGUAGE_STANDARD = gnu17;
				GCC_NO_COMMON_BLOCKS = YES;
				GCC_WARN_64_TO_32_BIT_CONVERSION = YES;
				GCC_WARN_ABOUT_RETURN_TYPE = YES_ERROR;
				GCC_WARN_UNDECLARED_SELECTOR = YES;
				GCC_WARN_UNINITIALIZED_AUTOS = YES_AGGRESSIVE;
				GCC_WARN_UNUSED_FUNCTION = YES;
				GCC_WARN_UNUSED_VARIABLE = YES;
				IPHONEOS_DEPLOYMENT_TARGET = 17.0;
				LOCALIZATION_PREFERS_STRING_CATALOGS = YES;
				MTL_ENABLE_DEBUG_INFO = NO;
				MTL_FAST_MATH = YES;
				SDKROOT = iphoneos;
				SWIFT_COMPILATION_MODE = wholemodule;
				VALIDATE_PRODUCT = YES;
			};
			name = Release;
		};
		A965D3BC2AA0DD4700DDDF21 /* Debug */ = {
			isa = XCBuildConfiguration;
			buildSettings = {
				ASSETCATALOG_COMPILER_APPICON_NAME = AppIcon;
				ASSETCATALOG_COMPILER_GLOBAL_ACCENT_COLOR_NAME = AccentColor;
				CODE_SIGN_STYLE = Automatic;
				CURRENT_PROJECT_VERSION = 1;
				DEVELOPMENT_ASSET_PATHS = "\"Standups/Preview Content\"";
				DEVELOPMENT_TEAM = 77CD4KLN3Y;
				ENABLE_PREVIEWS = YES;
				GENERATE_INFOPLIST_FILE = YES;
				INFOPLIST_KEY_UIApplicationSceneManifest_Generation = YES;
				INFOPLIST_KEY_UIApplicationSupportsIndirectInputEvents = YES;
				INFOPLIST_KEY_UILaunchScreen_Generation = YES;
				INFOPLIST_KEY_UISupportedInterfaceOrientations_iPad = "UIInterfaceOrientationPortrait UIInterfaceOrientationPortraitUpsideDown UIInterfaceOrientationLandscapeLeft UIInterfaceOrientationLandscapeRight";
				INFOPLIST_KEY_UISupportedInterfaceOrientations_iPhone = "UIInterfaceOrientationPortrait UIInterfaceOrientationLandscapeLeft UIInterfaceOrientationLandscapeRight";
				LD_RUNPATH_SEARCH_PATHS = (
					"$(inherited)",
					"@executable_path/Frameworks",
				);
				MARKETING_VERSION = 1.0;
				PRODUCT_BUNDLE_IDENTIFIER = com.jsung.tca.Standups;
				PRODUCT_NAME = "$(TARGET_NAME)";
				SWIFT_EMIT_LOC_STRINGS = YES;
				SWIFT_STRICT_CONCURRENCY = complete;
				SWIFT_VERSION = 5.0;
				TARGETED_DEVICE_FAMILY = "1,2";
			};
			name = Debug;
		};
		A965D3BD2AA0DD4700DDDF21 /* Release */ = {
			isa = XCBuildConfiguration;
			buildSettings = {
				ASSETCATALOG_COMPILER_APPICON_NAME = AppIcon;
				ASSETCATALOG_COMPILER_GLOBAL_ACCENT_COLOR_NAME = AccentColor;
				CODE_SIGN_STYLE = Automatic;
				CURRENT_PROJECT_VERSION = 1;
				DEVELOPMENT_ASSET_PATHS = "\"Standups/Preview Content\"";
				DEVELOPMENT_TEAM = 77CD4KLN3Y;
				ENABLE_PREVIEWS = YES;
				GENERATE_INFOPLIST_FILE = YES;
				INFOPLIST_KEY_UIApplicationSceneManifest_Generation = YES;
				INFOPLIST_KEY_UIApplicationSupportsIndirectInputEvents = YES;
				INFOPLIST_KEY_UILaunchScreen_Generation = YES;
				INFOPLIST_KEY_UISupportedInterfaceOrientations_iPad = "UIInterfaceOrientationPortrait UIInterfaceOrientationPortraitUpsideDown UIInterfaceOrientationLandscapeLeft UIInterfaceOrientationLandscapeRight";
				INFOPLIST_KEY_UISupportedInterfaceOrientations_iPhone = "UIInterfaceOrientationPortrait UIInterfaceOrientationLandscapeLeft UIInterfaceOrientationLandscapeRight";
				LD_RUNPATH_SEARCH_PATHS = (
					"$(inherited)",
					"@executable_path/Frameworks",
				);
				MARKETING_VERSION = 1.0;
				PRODUCT_BUNDLE_IDENTIFIER = com.jsung.tca.Standups;
				PRODUCT_NAME = "$(TARGET_NAME)";
				SWIFT_EMIT_LOC_STRINGS = YES;
				SWIFT_STRICT_CONCURRENCY = complete;
				SWIFT_VERSION = 5.0;
				TARGETED_DEVICE_FAMILY = "1,2";
			};
			name = Release;
		};
		A965D3BF2AA0DD4700DDDF21 /* Debug */ = {
			isa = XCBuildConfiguration;
			buildSettings = {
				ALWAYS_EMBED_SWIFT_STANDARD_LIBRARIES = YES;
				BUNDLE_LOADER = "$(TEST_HOST)";
				CODE_SIGN_STYLE = Automatic;
				CURRENT_PROJECT_VERSION = 1;
				DEVELOPMENT_TEAM = 77CD4KLN3Y;
				GENERATE_INFOPLIST_FILE = YES;
				IPHONEOS_DEPLOYMENT_TARGET = 17.0;
				MARKETING_VERSION = 1.0;
				PRODUCT_BUNDLE_IDENTIFIER = com.jsung.tca.StandupsTests;
				PRODUCT_NAME = "$(TARGET_NAME)";
				SWIFT_EMIT_LOC_STRINGS = NO;
				SWIFT_VERSION = 5.0;
				TARGETED_DEVICE_FAMILY = "1,2";
				TEST_HOST = "$(BUILT_PRODUCTS_DIR)/Standups.app/$(BUNDLE_EXECUTABLE_FOLDER_PATH)/Standups";
			};
			name = Debug;
		};
		A965D3C02AA0DD4700DDDF21 /* Release */ = {
			isa = XCBuildConfiguration;
			buildSettings = {
				ALWAYS_EMBED_SWIFT_STANDARD_LIBRARIES = YES;
				BUNDLE_LOADER = "$(TEST_HOST)";
				CODE_SIGN_STYLE = Automatic;
				CURRENT_PROJECT_VERSION = 1;
				DEVELOPMENT_TEAM = 77CD4KLN3Y;
				GENERATE_INFOPLIST_FILE = YES;
				IPHONEOS_DEPLOYMENT_TARGET = 17.0;
				MARKETING_VERSION = 1.0;
				PRODUCT_BUNDLE_IDENTIFIER = com.jsung.tca.StandupsTests;
				PRODUCT_NAME = "$(TARGET_NAME)";
				SWIFT_EMIT_LOC_STRINGS = NO;
				SWIFT_VERSION = 5.0;
				TARGETED_DEVICE_FAMILY = "1,2";
				TEST_HOST = "$(BUILT_PRODUCTS_DIR)/Standups.app/$(BUNDLE_EXECUTABLE_FOLDER_PATH)/Standups";
			};
			name = Release;
		};
		A965D3C22AA0DD4700DDDF21 /* Debug */ = {
			isa = XCBuildConfiguration;
			buildSettings = {
				ALWAYS_EMBED_SWIFT_STANDARD_LIBRARIES = YES;
				CODE_SIGN_STYLE = Automatic;
				CURRENT_PROJECT_VERSION = 1;
				DEVELOPMENT_TEAM = 77CD4KLN3Y;
				GENERATE_INFOPLIST_FILE = YES;
				MARKETING_VERSION = 1.0;
				PRODUCT_BUNDLE_IDENTIFIER = com.jsung.tca.StandupsUITests;
				PRODUCT_NAME = "$(TARGET_NAME)";
				SWIFT_EMIT_LOC_STRINGS = NO;
				SWIFT_VERSION = 5.0;
				TARGETED_DEVICE_FAMILY = "1,2";
				TEST_TARGET_NAME = Standups;
			};
			name = Debug;
		};
		A965D3C32AA0DD4700DDDF21 /* Release */ = {
			isa = XCBuildConfiguration;
			buildSettings = {
				ALWAYS_EMBED_SWIFT_STANDARD_LIBRARIES = YES;
				CODE_SIGN_STYLE = Automatic;
				CURRENT_PROJECT_VERSION = 1;
				DEVELOPMENT_TEAM = 77CD4KLN3Y;
				GENERATE_INFOPLIST_FILE = YES;
				MARKETING_VERSION = 1.0;
				PRODUCT_BUNDLE_IDENTIFIER = com.jsung.tca.StandupsUITests;
				PRODUCT_NAME = "$(TARGET_NAME)";
				SWIFT_EMIT_LOC_STRINGS = NO;
				SWIFT_VERSION = 5.0;
				TARGETED_DEVICE_FAMILY = "1,2";
				TEST_TARGET_NAME = Standups;
			};
			name = Release;
		};
/* End XCBuildConfiguration section */

/* Begin XCConfigurationList section */
		A965D3922AA0DD4500DDDF21 /* Build configuration list for PBXProject "Standups" */ = {
			isa = XCConfigurationList;
			buildConfigurations = (
				A965D3B92AA0DD4700DDDF21 /* Debug */,
				A965D3BA2AA0DD4700DDDF21 /* Release */,
			);
			defaultConfigurationIsVisible = 0;
			defaultConfigurationName = Release;
		};
		A965D3BB2AA0DD4700DDDF21 /* Build configuration list for PBXNativeTarget "Standups" */ = {
			isa = XCConfigurationList;
			buildConfigurations = (
				A965D3BC2AA0DD4700DDDF21 /* Debug */,
				A965D3BD2AA0DD4700DDDF21 /* Release */,
			);
			defaultConfigurationIsVisible = 0;
			defaultConfigurationName = Release;
		};
		A965D3BE2AA0DD4700DDDF21 /* Build configuration list for PBXNativeTarget "StandupsTests" */ = {
			isa = XCConfigurationList;
			buildConfigurations = (
				A965D3BF2AA0DD4700DDDF21 /* Debug */,
				A965D3C02AA0DD4700DDDF21 /* Release */,
			);
			defaultConfigurationIsVisible = 0;
			defaultConfigurationName = Release;
		};
		A965D3C12AA0DD4700DDDF21 /* Build configuration list for PBXNativeTarget "StandupsUITests" */ = {
			isa = XCConfigurationList;
			buildConfigurations = (
				A965D3C22AA0DD4700DDDF21 /* Debug */,
				A965D3C32AA0DD4700DDDF21 /* Release */,
			);
			defaultConfigurationIsVisible = 0;
			defaultConfigurationName = Release;
		};
/* End XCConfigurationList section */

/* Begin XCRemoteSwiftPackageReference section */
		A965D3CF2AA0E1E200DDDF21 /* XCRemoteSwiftPackageReference "swift-composable-architecture" */ = {
			isa = XCRemoteSwiftPackageReference;
			repositoryURL = "https://github.com/pointfreeco/swift-composable-architecture";
			requirement = {
				kind = upToNextMajorVersion;
				minimumVersion = 1.2.0;
			};
		};
/* End XCRemoteSwiftPackageReference section */

/* Begin XCSwiftPackageProductDependency section */
		A965D3D02AA0E1E200DDDF21 /* ComposableArchitecture */ = {
			isa = XCSwiftPackageProductDependency;
			package = A965D3CF2AA0E1E200DDDF21 /* XCRemoteSwiftPackageReference "swift-composable-architecture" */;
			productName = ComposableArchitecture;
		};
/* End XCSwiftPackageProductDependency section */
	};
	rootObject = A965D38F2AA0DD4500DDDF21 /* Project object */;
}
